
Microsoft Visual Studio Solution File, Format Version 12.00
# Visual Studio Version 16
VisualStudioVersion = 16.0.30523.141
MinimumVisualStudioVersion = 10.0.40219.1
Project("{FAE04EC0-301F-11D3-BF4B-00C04F79EFBC}") = "Pascu_Serban_Lab5", "Pascu_Serban_Lab5.csproj", "{2D4C1096-D080-4755-8A7F-786A0002F36F}"
EndProject
Global
	GlobalSection(SolutionConfigurationPlatforms) = preSolution
		Debug|Any CPU = Debug|Any CPU
		Release|Any CPU = Release|Any CPU
	EndGlobalSection
	GlobalSection(ProjectConfigurationPlatforms) = postSolution
		{2D4C1096-D080-4755-8A7F-786A0002F36F}.Debug|Any CPU.ActiveCfg = Debug|Any CPU
		{2D4C1096-D080-4755-8A7F-786A0002F36F}.Debug|Any CPU.Build.0 = Debug|Any CPU
		{2D4C1096-D080-4755-8A7F-786A0002F36F}.Release|Any CPU.ActiveCfg = Release|Any CPU
		{2D4C1096-D080-4755-8A7F-786A0002F36F}.Release|Any CPU.Build.0 = Release|Any CPU
	EndGlobalSection
	GlobalSection(SolutionProperties) = preSolution
		HideSolutionNode = FALSE
	EndGlobalSection
	GlobalSection(ExtensibilityGlobals) = postSolution
		SolutionGuid = {705AC605-F9FF-4A17-9A4C-51BB5EA0950F}
	EndGlobalSection
EndGlobal
